// !$*UTF8*$!
{
	archiveVersion = 1;
	classes = {
	};
	objectVersion = 50;
	objects = {

/* Begin PBXBuildFile section */
		92334CAD221964DF00FD0820 /* CameraHandler.swift in Sources */ = {isa = PBXBuildFile; fileRef = 92334CAC221964DF00FD0820 /* CameraHandler.swift */; };
		9295C369221DB75D00F12F4C /* ConversationListViewController.swift in Sources */ = {isa = PBXBuildFile; fileRef = 9295C368221DB75D00F12F4C /* ConversationListViewController.swift */; };
		9295C36C221F0A7400F12F4C /* ChatCell.swift in Sources */ = {isa = PBXBuildFile; fileRef = 9295C36A221F0A7400F12F4C /* ChatCell.swift */; };
		9295C36D221F0A7400F12F4C /* ChatCell.xib in Resources */ = {isa = PBXBuildFile; fileRef = 9295C36B221F0A7400F12F4C /* ChatCell.xib */; };
		9295C372221F0AC800F12F4C /* Protocols.swift in Sources */ = {isa = PBXBuildFile; fileRef = 9295C371221F0AC800F12F4C /* Protocols.swift */; };
		9295C375221F361E00F12F4C /* Chat.swift in Sources */ = {isa = PBXBuildFile; fileRef = 9295C374221F361E00F12F4C /* Chat.swift */; };
		9295C377221F4E3800F12F4C /* ConversationViewController.swift in Sources */ = {isa = PBXBuildFile; fileRef = 9295C376221F4E3800F12F4C /* ConversationViewController.swift */; };
		92C60DA6220E902C00894F60 /* AppDelegate.swift in Sources */ = {isa = PBXBuildFile; fileRef = 92C60DA5220E902C00894F60 /* AppDelegate.swift */; };
		92C60DA8220E902C00894F60 /* ProfileViewController.swift in Sources */ = {isa = PBXBuildFile; fileRef = 92C60DA7220E902C00894F60 /* ProfileViewController.swift */; };
		92C60DAB220E902C00894F60 /* Main.storyboard in Resources */ = {isa = PBXBuildFile; fileRef = 92C60DA9220E902C00894F60 /* Main.storyboard */; };
		92C60DAE220E902C00894F60 /* Talks.xcdatamodeld in Sources */ = {isa = PBXBuildFile; fileRef = 92C60DAC220E902C00894F60 /* Talks.xcdatamodeld */; };
		92C60DB0220E902E00894F60 /* Assets.xcassets in Resources */ = {isa = PBXBuildFile; fileRef = 92C60DAF220E902E00894F60 /* Assets.xcassets */; };
		92C60DB3220E902E00894F60 /* LaunchScreen.storyboard in Resources */ = {isa = PBXBuildFile; fileRef = 92C60DB1220E902E00894F60 /* LaunchScreen.storyboard */; };
		92C60DBC220F32E700894F60 /* ThreadLogger.swift in Sources */ = {isa = PBXBuildFile; fileRef = 92C60DBB220F32E700894F60 /* ThreadLogger.swift */; };
/* End PBXBuildFile section */

/* Begin PBXFileReference section */
		92334CAC221964DF00FD0820 /* CameraHandler.swift */ = {isa = PBXFileReference; lastKnownFileType = sourcecode.swift; path = CameraHandler.swift; sourceTree = "<group>"; };
		9295C368221DB75D00F12F4C /* ConversationListViewController.swift */ = {isa = PBXFileReference; lastKnownFileType = sourcecode.swift; path = ConversationListViewController.swift; sourceTree = "<group>"; };
		9295C36A221F0A7400F12F4C /* ChatCell.swift */ = {isa = PBXFileReference; lastKnownFileType = sourcecode.swift; path = ChatCell.swift; sourceTree = "<group>"; };
		9295C36B221F0A7400F12F4C /* ChatCell.xib */ = {isa = PBXFileReference; lastKnownFileType = file.xib; path = ChatCell.xib; sourceTree = "<group>"; };
		9295C371221F0AC800F12F4C /* Protocols.swift */ = {isa = PBXFileReference; lastKnownFileType = sourcecode.swift; path = Protocols.swift; sourceTree = "<group>"; };
		9295C374221F361E00F12F4C /* Chat.swift */ = {isa = PBXFileReference; lastKnownFileType = sourcecode.swift; path = Chat.swift; sourceTree = "<group>"; };
		9295C376221F4E3800F12F4C /* ConversationViewController.swift */ = {isa = PBXFileReference; lastKnownFileType = sourcecode.swift; path = ConversationViewController.swift; sourceTree = "<group>"; };
		92C60DA2220E902C00894F60 /* Talks.app */ = {isa = PBXFileReference; explicitFileType = wrapper.application; includeInIndex = 0; path = Talks.app; sourceTree = BUILT_PRODUCTS_DIR; };
		92C60DA5220E902C00894F60 /* AppDelegate.swift */ = {isa = PBXFileReference; lastKnownFileType = sourcecode.swift; path = AppDelegate.swift; sourceTree = "<group>"; };
		92C60DA7220E902C00894F60 /* ProfileViewController.swift */ = {isa = PBXFileReference; lastKnownFileType = sourcecode.swift; path = ProfileViewController.swift; sourceTree = "<group>"; };
		92C60DAA220E902C00894F60 /* Base */ = {isa = PBXFileReference; lastKnownFileType = file.storyboard; name = Base; path = Base.lproj/Main.storyboard; sourceTree = "<group>"; };
		92C60DAD220E902C00894F60 /* Talks.xcdatamodel */ = {isa = PBXFileReference; lastKnownFileType = wrapper.xcdatamodel; path = Talks.xcdatamodel; sourceTree = "<group>"; };
		92C60DAF220E902E00894F60 /* Assets.xcassets */ = {isa = PBXFileReference; lastKnownFileType = folder.assetcatalog; path = Assets.xcassets; sourceTree = "<group>"; };
		92C60DB2220E902E00894F60 /* Base */ = {isa = PBXFileReference; lastKnownFileType = file.storyboard; name = Base; path = Base.lproj/LaunchScreen.storyboard; sourceTree = "<group>"; };
		92C60DB4220E902E00894F60 /* Info.plist */ = {isa = PBXFileReference; lastKnownFileType = text.plist.xml; path = Info.plist; sourceTree = "<group>"; };
		92C60DBB220F32E700894F60 /* ThreadLogger.swift */ = {isa = PBXFileReference; lastKnownFileType = sourcecode.swift; path = ThreadLogger.swift; sourceTree = "<group>"; };
/* End PBXFileReference section */

/* Begin PBXFrameworksBuildPhase section */
		92C60D9F220E902C00894F60 /* Frameworks */ = {
			isa = PBXFrameworksBuildPhase;
			buildActionMask = 2147483647;
			files = (
			);
			runOnlyForDeploymentPostprocessing = 0;
		};
/* End PBXFrameworksBuildPhase section */

/* Begin PBXGroup section */
		9295C36E221F0A7D00F12F4C /* Views */ = {
			isa = PBXGroup;
			children = (
				9295C36A221F0A7400F12F4C /* ChatCell.swift */,
				9295C36B221F0A7400F12F4C /* ChatCell.xib */,
			);
			name = Views;
			path = "New Group";
			sourceTree = "<group>";
		};
		9295C370221F0AB700F12F4C /* Protocols */ = {
			isa = PBXGroup;
			children = (
				9295C371221F0AC800F12F4C /* Protocols.swift */,
			);
			path = Protocols;
			sourceTree = "<group>";
		};
		9295C373221F360600F12F4C /* Models */ = {
			isa = PBXGroup;
			children = (
				9295C374221F361E00F12F4C /* Chat.swift */,
			);
			path = Models;
			sourceTree = "<group>";
		};
		92C60D99220E902C00894F60 = {
			isa = PBXGroup;
			children = (
				92C60DA4220E902C00894F60 /* Talks */,
				92C60DA3220E902C00894F60 /* Products */,
			);
			sourceTree = "<group>";
		};
		92C60DA3220E902C00894F60 /* Products */ = {
			isa = PBXGroup;
			children = (
				92C60DA2220E902C00894F60 /* Talks.app */,
			);
			name = Products;
			sourceTree = "<group>";
		};
		92C60DA4220E902C00894F60 /* Talks */ = {
			isa = PBXGroup;
			children = (
				9295C373221F360600F12F4C /* Models */,
				9295C370221F0AB700F12F4C /* Protocols */,
				92C60DA5220E902C00894F60 /* AppDelegate.swift */,
				92C60DBA220F32A300894F60 /* Helpers */,
				92C60DA7220E902C00894F60 /* ProfileViewController.swift */,
				92C60DA9220E902C00894F60 /* Main.storyboard */,
				9295C368221DB75D00F12F4C /* ConversationListViewController.swift */,
				9295C376221F4E3800F12F4C /* ConversationViewController.swift */,
				9295C36E221F0A7D00F12F4C /* Views */,
				92C60DAF220E902E00894F60 /* Assets.xcassets */,
				92C60DB1220E902E00894F60 /* LaunchScreen.storyboard */,
				92C60DB4220E902E00894F60 /* Info.plist */,
				92C60DAC220E902C00894F60 /* Talks.xcdatamodeld */,
			);
			path = Talks;
			sourceTree = "<group>";
		};
		92C60DBA220F32A300894F60 /* Helpers */ = {
			isa = PBXGroup;
			children = (
				92C60DBB220F32E700894F60 /* ThreadLogger.swift */,
				92334CAC221964DF00FD0820 /* CameraHandler.swift */,
			);
			path = Helpers;
			sourceTree = "<group>";
		};
/* End PBXGroup section */

/* Begin PBXNativeTarget section */
		92C60DA1220E902C00894F60 /* Talks */ = {
			isa = PBXNativeTarget;
			buildConfigurationList = 92C60DB7220E902E00894F60 /* Build configuration list for PBXNativeTarget "Talks" */;
			buildPhases = (
				92C60D9E220E902C00894F60 /* Sources */,
				92C60D9F220E902C00894F60 /* Frameworks */,
				92C60DA0220E902C00894F60 /* Resources */,
			);
			buildRules = (
			);
			dependencies = (
			);
			name = Talks;
			productName = Talks;
			productReference = 92C60DA2220E902C00894F60 /* Talks.app */;
			productType = "com.apple.product-type.application";
		};
/* End PBXNativeTarget section */

/* Begin PBXProject section */
		92C60D9A220E902C00894F60 /* Project object */ = {
			isa = PBXProject;
			attributes = {
				LastSwiftUpdateCheck = 1010;
				LastUpgradeCheck = 1010;
				ORGANIZATIONNAME = "Denis Garifyanov";
				TargetAttributes = {
					92C60DA1220E902C00894F60 = {
						CreatedOnToolsVersion = 10.1;
					};
				};
			};
			buildConfigurationList = 92C60D9D220E902C00894F60 /* Build configuration list for PBXProject "Talks" */;
			compatibilityVersion = "Xcode 9.3";
			developmentRegion = en;
			hasScannedForEncodings = 0;
			knownRegions = (
				en,
				Base,
			);
			mainGroup = 92C60D99220E902C00894F60;
			productRefGroup = 92C60DA3220E902C00894F60 /* Products */;
			projectDirPath = "";
			projectRoot = "";
			targets = (
				92C60DA1220E902C00894F60 /* Talks */,
			);
		};
/* End PBXProject section */

/* Begin PBXResourcesBuildPhase section */
		92C60DA0220E902C00894F60 /* Resources */ = {
			isa = PBXResourcesBuildPhase;
			buildActionMask = 2147483647;
			files = (
				92C60DB3220E902E00894F60 /* LaunchScreen.storyboard in Resources */,
				9295C36D221F0A7400F12F4C /* ChatCell.xib in Resources */,
				92C60DB0220E902E00894F60 /* Assets.xcassets in Resources */,
				92C60DAB220E902C00894F60 /* Main.storyboard in Resources */,
			);
			runOnlyForDeploymentPostprocessing = 0;
		};
/* End PBXResourcesBuildPhase section */

/* Begin PBXSourcesBuildPhase section */
		92C60D9E220E902C00894F60 /* Sources */ = {
			isa = PBXSourcesBuildPhase;
			buildActionMask = 2147483647;
			files = (
				92C60DAE220E902C00894F60 /* Talks.xcdatamodeld in Sources */,
				9295C369221DB75D00F12F4C /* ConversationListViewController.swift in Sources */,
				9295C377221F4E3800F12F4C /* ConversationViewController.swift in Sources */,
				92334CAD221964DF00FD0820 /* CameraHandler.swift in Sources */,
				92C60DBC220F32E700894F60 /* ThreadLogger.swift in Sources */,
				9295C375221F361E00F12F4C /* Chat.swift in Sources */,
				9295C36C221F0A7400F12F4C /* ChatCell.swift in Sources */,
				92C60DA8220E902C00894F60 /* ProfileViewController.swift in Sources */,
				92C60DA6220E902C00894F60 /* AppDelegate.swift in Sources */,
				9295C372221F0AC800F12F4C /* Protocols.swift in Sources */,
			);
			runOnlyForDeploymentPostprocessing = 0;
		};
/* End PBXSourcesBuildPhase section */

/* Begin PBXVariantGroup section */
		92C60DA9220E902C00894F60 /* Main.storyboard */ = {
			isa = PBXVariantGroup;
			children = (
				92C60DAA220E902C00894F60 /* Base */,
			);
			name = Main.storyboard;
			sourceTree = "<group>";
		};
		92C60DB1220E902E00894F60 /* LaunchScreen.storyboard */ = {
			isa = PBXVariantGroup;
			children = (
				92C60DB2220E902E00894F60 /* Base */,
			);
			name = LaunchScreen.storyboard;
			sourceTree = "<group>";
		};
/* End PBXVariantGroup section */

/* Begin XCBuildConfiguration section */
		92C60DB5220E902E00894F60 /* Debug */ = {
			isa = XCBuildConfiguration;
			buildSettings = {
				ALWAYS_SEARCH_USER_PATHS = NO;
				CLANG_ANALYZER_NONNULL = YES;
				CLANG_ANALYZER_NUMBER_OBJECT_CONVERSION = YES_AGGRESSIVE;
				CLANG_CXX_LANGUAGE_STANDARD = "gnu++14";
				CLANG_CXX_LIBRARY = "libc++";
				CLANG_ENABLE_MODULES = YES;
				CLANG_ENABLE_OBJC_ARC = YES;
				CLANG_ENABLE_OBJC_WEAK = YES;
				CLANG_WARN_BLOCK_CAPTURE_AUTORELEASING = YES;
				CLANG_WARN_BOOL_CONVERSION = YES;
				CLANG_WARN_COMMA = YES;
				CLANG_WARN_CONSTANT_CONVERSION = YES;
				CLANG_WARN_DEPRECATED_OBJC_IMPLEMENTATIONS = YES;
				CLANG_WARN_DIRECT_OBJC_ISA_USAGE = YES_ERROR;
				CLANG_WARN_DOCUMENTATION_COMMENTS = YES;
				CLANG_WARN_EMPTY_BODY = YES;
				CLANG_WARN_ENUM_CONVERSION = YES;
				CLANG_WARN_INFINITE_RECURSION = YES;
				CLANG_WARN_INT_CONVERSION = YES;
				CLANG_WARN_NON_LITERAL_NULL_CONVERSION = YES;
				CLANG_WARN_OBJC_IMPLICIT_RETAIN_SELF = YES;
				CLANG_WARN_OBJC_LITERAL_CONVERSION = YES;
				CLANG_WARN_OBJC_ROOT_CLASS = YES_ERROR;
				CLANG_WARN_RANGE_LOOP_ANALYSIS = YES;
				CLANG_WARN_STRICT_PROTOTYPES = YES;
				CLANG_WARN_SUSPICIOUS_MOVE = YES;
				CLANG_WARN_UNGUARDED_AVAILABILITY = YES_AGGRESSIVE;
				CLANG_WARN_UNREACHABLE_CODE = YES;
				CLANG_WARN__DUPLICATE_METHOD_MATCH = YES;
				CODE_SIGN_IDENTITY = "iPhone Developer";
				COPY_PHASE_STRIP = NO;
				DEBUG_INFORMATION_FORMAT = dwarf;
				ENABLE_STRICT_OBJC_MSGSEND = YES;
				ENABLE_TESTABILITY = YES;
				GCC_C_LANGUAGE_STANDARD = gnu11;
				GCC_DYNAMIC_NO_PIC = NO;
				GCC_NO_COMMON_BLOCKS = YES;
				GCC_OPTIMIZATION_LEVEL = 0;
				GCC_PREPROCESSOR_DEFINITIONS = (
					"DEBUG=1",
					"$(inherited)",
				);
				GCC_WARN_64_TO_32_BIT_CONVERSION = YES;
				GCC_WARN_ABOUT_RETURN_TYPE = YES_ERROR;
				GCC_WARN_UNDECLARED_SELECTOR = YES;
				GCC_WARN_UNINITIALIZED_AUTOS = YES_AGGRESSIVE;
				GCC_WARN_UNUSED_FUNCTION = YES;
				GCC_WARN_UNUSED_VARIABLE = YES;
				IPHONEOS_DEPLOYMENT_TARGET = 12.1;
				MTL_ENABLE_DEBUG_INFO = INCLUDE_SOURCE;
				MTL_FAST_MATH = YES;
				ONLY_ACTIVE_ARCH = YES;
				SDKROOT = iphoneos;
				SWIFT_ACTIVE_COMPILATION_CONDITIONS = DEBUG;
				SWIFT_OPTIMIZATION_LEVEL = "-Onone";
			};
			name = Debug;
		};
		92C60DB6220E902E00894F60 /* Release */ = {
			isa = XCBuildConfiguration;
			buildSettings = {
				ALWAYS_SEARCH_USER_PATHS = NO;
				CLANG_ANALYZER_NONNULL = YES;
				CLANG_ANALYZER_NUMBER_OBJECT_CONVERSION = YES_AGGRESSIVE;
				CLANG_CXX_LANGUAGE_STANDARD = "gnu++14";
				CLANG_CXX_LIBRARY = "libc++";
				CLANG_ENABLE_MODULES = YES;
				CLANG_ENABLE_OBJC_ARC = YES;
				CLANG_ENABLE_OBJC_WEAK = YES;
				CLANG_WARN_BLOCK_CAPTURE_AUTORELEASING = YES;
				CLANG_WARN_BOOL_CONVERSION = YES;
				CLANG_WARN_COMMA = YES;
				CLANG_WARN_CONSTANT_CONVERSION = YES;
				CLANG_WARN_DEPRECATED_OBJC_IMPLEMENTATIONS = YES;
				CLANG_WARN_DIRECT_OBJC_ISA_USAGE = YES_ERROR;
				CLANG_WARN_DOCUMENTATION_COMMENTS = YES;
				CLANG_WARN_EMPTY_BODY = YES;
				CLANG_WARN_ENUM_CONVERSION = YES;
				CLANG_WARN_INFINITE_RECURSION = YES;
				CLANG_WARN_INT_CONVERSION = YES;
				CLANG_WARN_NON_LITERAL_NULL_CONVERSION = YES;
				CLANG_WARN_OBJC_IMPLICIT_RETAIN_SELF = YES;
				CLANG_WARN_OBJC_LITERAL_CONVERSION = YES;
				CLANG_WARN_OBJC_ROOT_CLASS = YES_ERROR;
				CLANG_WARN_RANGE_LOOP_ANALYSIS = YES;
				CLANG_WARN_STRICT_PROTOTYPES = YES;
				CLANG_WARN_SUSPICIOUS_MOVE = YES;
				CLANG_WARN_UNGUARDED_AVAILABILITY = YES_AGGRESSIVE;
				CLANG_WARN_UNREACHABLE_CODE = YES;
				CLANG_WARN__DUPLICATE_METHOD_MATCH = YES;
				CODE_SIGN_IDENTITY = "iPhone Developer";
				COPY_PHASE_STRIP = NO;
				DEBUG_INFORMATION_FORMAT = "dwarf-with-dsym";
				ENABLE_NS_ASSERTIONS = NO;
				ENABLE_STRICT_OBJC_MSGSEND = YES;
				GCC_C_LANGUAGE_STANDARD = gnu11;
				GCC_NO_COMMON_BLOCKS = YES;
				GCC_WARN_64_TO_32_BIT_CONVERSION = YES;
				GCC_WARN_ABOUT_RETURN_TYPE = YES_ERROR;
				GCC_WARN_UNDECLARED_SELECTOR = YES;
				GCC_WARN_UNINITIALIZED_AUTOS = YES_AGGRESSIVE;
				GCC_WARN_UNUSED_FUNCTION = YES;
				GCC_WARN_UNUSED_VARIABLE = YES;
				IPHONEOS_DEPLOYMENT_TARGET = 12.1;
				MTL_ENABLE_DEBUG_INFO = NO;
				MTL_FAST_MATH = YES;
				SDKROOT = iphoneos;
				SWIFT_COMPILATION_MODE = wholemodule;
				SWIFT_OPTIMIZATION_LEVEL = "-O";
				VALIDATE_PRODUCT = YES;
			};
			name = Release;
		};
		92C60DB8220E902E00894F60 /* Debug */ = {
			isa = XCBuildConfiguration;
			buildSettings = {
				ASSETCATALOG_COMPILER_APPICON_NAME = AppIcon;
				CODE_SIGN_STYLE = Automatic;
				DEVELOPMENT_TEAM = YK7M3B2TGF;
				INFOPLIST_FILE = Talks/Info.plist;
				IPHONEOS_DEPLOYMENT_TARGET = 11.0;
				LD_RUNPATH_SEARCH_PATHS = (
					"$(inherited)",
					"@executable_path/Frameworks",
				);
				PRODUCT_BUNDLE_IDENTIFIER = denis.garifyanov.com.Talks;
				PRODUCT_NAME = "$(TARGET_NAME)";
				SWIFT_VERSION = 4.2;
				TARGETED_DEVICE_FAMILY = 1;
			};
			name = Debug;
		};
		92C60DB9220E902E00894F60 /* Release */ = {
			isa = XCBuildConfiguration;
			buildSettings = {
				ASSETCATALOG_COMPILER_APPICON_NAME = AppIcon;
				CODE_SIGN_STYLE = Automatic;
				DEVELOPMENT_TEAM = YK7M3B2TGF;
				INFOPLIST_FILE = Talks/Info.plist;
				IPHONEOS_DEPLOYMENT_TARGET = 11.0;
				LD_RUNPATH_SEARCH_PATHS = (
					"$(inherited)",
					"@executable_path/Frameworks",
				);
				PRODUCT_BUNDLE_IDENTIFIER = denis.garifyanov.com.Talks;
				PRODUCT_NAME = "$(TARGET_NAME)";
				SWIFT_VERSION = 4.2;
				TARGETED_DEVICE_FAMILY = 1;
			};
			name = Release;
		};
/* End XCBuildConfiguration section */

/* Begin XCConfigurationList section */
		92C60D9D220E902C00894F60 /* Build configuration list for PBXProject "Talks" */ = {
			isa = XCConfigurationList;
			buildConfigurations = (
				92C60DB5220E902E00894F60 /* Debug */,
				92C60DB6220E902E00894F60 /* Release */,
			);
			defaultConfigurationIsVisible = 0;
			defaultConfigurationName = Release;
		};
		92C60DB7220E902E00894F60 /* Build configuration list for PBXNativeTarget "Talks" */ = {
			isa = XCConfigurationList;
			buildConfigurations = (
				92C60DB8220E902E00894F60 /* Debug */,
				92C60DB9220E902E00894F60 /* Release */,
			);
			defaultConfigurationIsVisible = 0;
			defaultConfigurationName = Release;
		};
/* End XCConfigurationList section */

/* Begin XCVersionGroup section */
		92C60DAC220E902C00894F60 /* Talks.xcdatamodeld */ = {
			isa = XCVersionGroup;
			children = (
				92C60DAD220E902C00894F60 /* Talks.xcdatamodel */,
			);
			currentVersion = 92C60DAD220E902C00894F60 /* Talks.xcdatamodel */;
			path = Talks.xcdatamodeld;
			sourceTree = "<group>";
			versionGroupType = wrapper.xcdatamodel;
		};
/* End XCVersionGroup section */
	};
	rootObject = 92C60D9A220E902C00894F60 /* Project object */;
}
